<?xml version="1.0" encoding="utf-8"?>
<Project ToolsVersion="4.0" xmlns="http://schemas.microsoft.com/developer/msbuild/2003">
  <ItemGroup>
    <Filter Include="リソース ファイル">
      <UniqueIdentifier>{67DA6AB6-F800-4c08-8B7A-83BB121AAD01}</UniqueIdentifier>
      <Extensions>rc;ico;cur;bmp;dlg;rc2;rct;bin;rgs;gif;jpg;jpeg;jpe;resx;tiff;tif;png;wav;mfcribbon-ms</Extensions>
    </Filter>
    <Filter Include="メイン">
      <UniqueIdentifier>{4FC737F1-C7A5-4376-A066-2A32D752A2FF}</UniqueIdentifier>
      <Extensions>cpp;c;cc;cxx;c++;cppm;ixx;def;odl;idl;hpj;bat;asm;asmx</Extensions>
    </Filter>
    <Filter Include="システム関係">
      <UniqueIdentifier>{0fd037d4-0e93-4d6a-bd4c-9fc0b770f449}</UniqueIdentifier>
    </Filter>
    <Filter Include="システム関係\ウィンドウ">
      <UniqueIdentifier>{d09499ce-a863-498a-80ab-196245f69ec5}</UniqueIdentifier>
    </Filter>
    <Filter Include="システム関係\入力">
      <UniqueIdentifier>{9080b61d-20f0-4a04-b0ee-2c32b0866ba5}</UniqueIdentifier>
    </Filter>
    <Filter Include="システム関係\シェーダ">
      <UniqueIdentifier>{aedfeb38-21c2-436a-bfdd-fb821bbad067}</UniqueIdentifier>
    </Filter>
    <Filter Include="システム関係\エラー">
      <UniqueIdentifier>{1f48d6aa-7c1a-4332-8768-4b29ee1e79b8}</UniqueIdentifier>
    </Filter>
    <Filter Include="システム関係\Fps">
      <UniqueIdentifier>{e0d6af41-9cf4-44e4-acc4-6e80515072cd}</UniqueIdentifier>
    </Filter>
    <Filter Include="システム関係\描画">
      <UniqueIdentifier>{a8610ce0-eefb-4dc1-8a48-70529e4824ee}</UniqueIdentifier>
    </Filter>
    <Filter Include="システム関係\デバイス">
      <UniqueIdentifier>{48182b63-01d7-46c9-bdf1-c3a0a8021175}</UniqueIdentifier>
    </Filter>
    <Filter Include="シーン">
      <UniqueIdentifier>{22d92907-ba9c-4ca3-8986-686b86692e26}</UniqueIdentifier>
    </Filter>
    <Filter Include="シーン\テスト">
      <UniqueIdentifier>{ff073acc-bda6-4347-bd79-547040a637a9}</UniqueIdentifier>
    </Filter>
    <Filter Include="システム関係\テクスチャ">
      <UniqueIdentifier>{32ba0f29-9eb3-4d97-8dcb-3a1849a1a309}</UniqueIdentifier>
    </Filter>
    <Filter Include="シーン\基底">
      <UniqueIdentifier>{c5b8b424-9030-4034-95d9-1f12daabdd09}</UniqueIdentifier>
    </Filter>
    <Filter Include="シーン\管理">
      <UniqueIdentifier>{ded05885-522b-4c6e-bce7-992c5b9113d2}</UniqueIdentifier>
    </Filter>
    <Filter Include="シーン\タイトル">
      <UniqueIdentifier>{05abe126-352c-4c70-a94e-d8b8d6106790}</UniqueIdentifier>
    </Filter>
    <Filter Include="モデル">
      <UniqueIdentifier>{50dfb65e-9b4d-4c45-8f91-f76a76a769ee}</UniqueIdentifier>
    </Filter>
    <Filter Include="モデル\Fbx">
      <UniqueIdentifier>{9c37e123-43f5-46e3-a0ad-3d63eaf72edd}</UniqueIdentifier>
    </Filter>
    <Filter Include="システム関係\シェーダ\ピクセル">
      <UniqueIdentifier>{299623e9-d8b0-4d84-a73d-e0cf8c02fb63}</UniqueIdentifier>
    </Filter>
    <Filter Include="システム関係\シェーダ\頂点">
      <UniqueIdentifier>{9811f8bf-0821-43af-996e-9e9b7f942943}</UniqueIdentifier>
    </Filter>
    <Filter Include="システム関係\シェーダ\基底">
      <UniqueIdentifier>{7ac85c8a-9b52-49cf-b1d4-c7fe5cecf5dc}</UniqueIdentifier>
    </Filter>
    <Filter Include="システム関係\シェーダ\管理">
      <UniqueIdentifier>{8f3aa14a-633b-415d-92ab-956bee2a7dcd}</UniqueIdentifier>
    </Filter>
    <Filter Include="モデル\Fbx\Load">
      <UniqueIdentifier>{b32c9c55-8575-4840-868f-81f89a26a6fb}</UniqueIdentifier>
    </Filter>
    <Filter Include="モデル\Fbx\Load\各種ロード">
      <UniqueIdentifier>{3e4ed22f-5f37-4273-99c2-5a78235d70ec}</UniqueIdentifier>
    </Filter>
  </ItemGroup>
  <ItemGroup>
    <ClCompile Include="main.cpp">
      <Filter>メイン</Filter>
    </ClCompile>
    <ClCompile Include="WindowManager.cpp">
      <Filter>システム関係\ウィンドウ</Filter>
    </ClCompile>
    <ClCompile Include="DeviceManager.cpp">
      <Filter>システム関係\デバイス</Filter>
    </ClCompile>
    <ClCompile Include="Input.cpp">
      <Filter>システム関係\入力</Filter>
    </ClCompile>
    <ClCompile Include="ErrorMessageManager.cpp">
      <Filter>システム関係\エラー</Filter>
    </ClCompile>
    <ClCompile Include="FpsManager.cpp">
      <Filter>システム関係\Fps</Filter>
    </ClCompile>
    <ClCompile Include="RenderManager.cpp">
      <Filter>システム関係\描画</Filter>
    </ClCompile>
    <ClCompile Include="SceneTest.cpp">
      <Filter>シーン\テスト</Filter>
    </ClCompile>
    <ClCompile Include="Texture.cpp">
      <Filter>システム関係\テクスチャ</Filter>
    </ClCompile>
    <ClCompile Include="Utility.cpp">
      <Filter>システム関係\テクスチャ</Filter>
    </ClCompile>
    <ClCompile Include="SceneBase.cpp">
      <Filter>シーン\基底</Filter>
    </ClCompile>
    <ClCompile Include="SceneManager.cpp">
      <Filter>シーン\管理</Filter>
    </ClCompile>
    <ClCompile Include="TitleScene.cpp">
      <Filter>シーン\タイトル</Filter>
    </ClCompile>
    <ClCompile Include="PixelShader.cpp">
      <Filter>システム関係\シェーダ\ピクセル</Filter>
    </ClCompile>
    <ClCompile Include="VertexShader.cpp">
      <Filter>システム関係\シェーダ\頂点</Filter>
    </ClCompile>
    <ClCompile Include="ShaderBase.cpp">
      <Filter>システム関係\シェーダ\基底</Filter>
    </ClCompile>
    <ClCompile Include="ShaderManager.cpp">
      <Filter>システム関係\シェーダ\管理</Filter>
    </ClCompile>
    <ClCompile Include="FbxLoad.cpp">
      <Filter>モデル\Fbx\Load</Filter>
    </ClCompile>
    <ClCompile Include="FbxLoadManager.cpp">
      <Filter>モデル\Fbx\Load</Filter>
    </ClCompile>
    <ClCompile Include="FbxLoadAnimation.cpp">
      <Filter>モデル\Fbx\Load\各種ロード</Filter>
    </ClCompile>
    <ClCompile Include="FbxLoadBone.cpp">
      <Filter>モデル\Fbx\Load\各種ロード</Filter>
    </ClCompile>
    <ClCompile Include="FbxLoadMaterial.cpp">
      <Filter>モデル\Fbx\Load\各種ロード</Filter>
    </ClCompile>
    <ClCompile Include="FbxLoadMesh.cpp">
      <Filter>モデル\Fbx\Load\各種ロード</Filter>
    </ClCompile>
    <ClCompile Include="FbxBuffer.cpp">
      <Filter>モデル\Fbx</Filter>
    </ClCompile>
  </ItemGroup>
  <ItemGroup>
    <ClInclude Include="main.h">
      <Filter>メイン</Filter>
    </ClInclude>
    <ClInclude Include="WindowManager.h">
      <Filter>システム関係\ウィンドウ</Filter>
    </ClInclude>
    <ClInclude Include="DeviceManager.h">
      <Filter>システム関係\デバイス</Filter>
    </ClInclude>
    <ClInclude Include="Input.h">
      <Filter>システム関係\入力</Filter>
    </ClInclude>
    <ClInclude Include="ErrorMessageManager.h">
      <Filter>システム関係\エラー</Filter>
    </ClInclude>
    <ClInclude Include="ErrorMessageDefine.h">
      <Filter>システム関係\エラー</Filter>
    </ClInclude>
    <ClInclude Include="ShaderDefine.h">
      <Filter>システム関係\シェーダ</Filter>
    </ClInclude>
    <ClInclude Include="FpsManager.h">
      <Filter>システム関係\Fps</Filter>
    </ClInclude>
    <ClInclude Include="RenderManager.h">
      <Filter>システム関係\描画</Filter>
    </ClInclude>
    <ClInclude Include="RenderDefine.h">
      <Filter>システム関係\描画</Filter>
    </ClInclude>
    <ClInclude Include="SceneTest.h">
      <Filter>シーン\テスト</Filter>
    </ClInclude>
    <ClInclude Include="SceneDefine.h">
      <Filter>シーン</Filter>
    </ClInclude>
    <ClInclude Include="Texture.h">
      <Filter>システム関係\テクスチャ</Filter>
    </ClInclude>
    <ClInclude Include="Utility.h">
      <Filter>システム関係\テクスチャ</Filter>
    </ClInclude>
    <ClInclude Include="SceneBase.h">
      <Filter>シーン\基底</Filter>
    </ClInclude>
    <ClInclude Include="SceneManager.h">
      <Filter>シーン\管理</Filter>
    </ClInclude>
    <ClInclude Include="TitleScene.h">
      <Filter>シーン\タイトル</Filter>
    </ClInclude>
    <ClInclude Include="FbxDefine.h">
      <Filter>モデル\Fbx</Filter>
    </ClInclude>
    <ClInclude Include="PixelShader.h">
      <Filter>システム関係\シェーダ\ピクセル</Filter>
    </ClInclude>
    <ClInclude Include="VertexShader.h">
      <Filter>システム関係\シェーダ\頂点</Filter>
    </ClInclude>
    <ClInclude Include="ShaderBase.h">
      <Filter>システム関係\シェーダ\基底</Filter>
    </ClInclude>
    <ClInclude Include="ShaderManager.h">
      <Filter>システム関係\シェーダ\管理</Filter>
    </ClInclude>
    <ClInclude Include="FbxLoad.h">
      <Filter>モデル\Fbx\Load</Filter>
    </ClInclude>
    <ClInclude Include="FbxLoadManager.h">
      <Filter>モデル\Fbx\Load</Filter>
    </ClInclude>
    <ClInclude Include="FbxLoadDefine.h">
      <Filter>モデル\Fbx\Load</Filter>
    </ClInclude>
    <ClInclude Include="FbxBuffer.h">
      <Filter>モデル\Fbx</Filter>
    </ClInclude>
  </ItemGroup>
  <ItemGroup>
    <FxCompile Include="vertex.hlsl">
      <Filter>リソース ファイル</Filter>
    </FxCompile>
    <FxCompile Include="pixel.hlsl">
      <Filter>リソース ファイル</Filter>
    </FxCompile>
  </ItemGroup>
</Project>